
Microsoft Visual Studio Solution File, Format Version 12.00
# Visual Studio 14
VisualStudioVersion = 14.0.25123.0
MinimumVisualStudioVersion = 10.0.40219.1
Project("{FAE04EC0-301F-11D3-BF4B-00C04F79EFBC}") = "GagnaGrunurFyirLokaVerkefnið", "GagnaGrunurFyirLokaVerkefnið\GagnaGrunurFyirLokaVerkefnið.csproj", "{979B4827-37BA-4BEF-A94E-64D836C557B0}"
EndProject
Global
	GlobalSection(SolutionConfigurationPlatforms) = preSolution
		Debug|Any CPU = Debug|Any CPU
		Release|Any CPU = Release|Any CPU
	EndGlobalSection
	GlobalSection(ProjectConfigurationPlatforms) = postSolution
		{979B4827-37BA-4BEF-A94E-64D836C557B0}.Debug|Any CPU.ActiveCfg = Debug|Any CPU
		{979B4827-37BA-4BEF-A94E-64D836C557B0}.Debug|Any CPU.Build.0 = Debug|Any CPU
		{979B4827-37BA-4BEF-A94E-64D836C557B0}.Release|Any CPU.ActiveCfg = Release|Any CPU
		{979B4827-37BA-4BEF-A94E-64D836C557B0}.Release|Any CPU.Build.0 = Release|Any CPU
	EndGlobalSection
	GlobalSection(SolutionProperties) = preSolution
		HideSolutionNode = FALSE
	EndGlobalSection
EndGlobal
