
Microsoft Visual Studio Solution File, Format Version 12.00
# Visual Studio 14
VisualStudioVersion = 14.0.23107.0
MinimumVisualStudioVersion = 10.0.40219.1
Project("{FAE04EC0-301F-11D3-BF4B-00C04F79EFBC}") = "H03D011V02- AbstractJason", "H03D011V02- AbstractJason\H03D011V02- AbstractJason.csproj", "{9B1C092C-EE09-4516-83BB-D2E98D0153CE}"
EndProject
Global
	GlobalSection(SolutionConfigurationPlatforms) = preSolution
		Debug|Any CPU = Debug|Any CPU
		Release|Any CPU = Release|Any CPU
	EndGlobalSection
	GlobalSection(ProjectConfigurationPlatforms) = postSolution
		{9B1C092C-EE09-4516-83BB-D2E98D0153CE}.Debug|Any CPU.ActiveCfg = Debug|Any CPU
		{9B1C092C-EE09-4516-83BB-D2E98D0153CE}.Debug|Any CPU.Build.0 = Debug|Any CPU
		{9B1C092C-EE09-4516-83BB-D2E98D0153CE}.Release|Any CPU.ActiveCfg = Release|Any CPU
		{9B1C092C-EE09-4516-83BB-D2E98D0153CE}.Release|Any CPU.Build.0 = Release|Any CPU
	EndGlobalSection
	GlobalSection(SolutionProperties) = preSolution
		HideSolutionNode = FALSE
	EndGlobalSection
EndGlobal
