
Microsoft Visual Studio Solution File, Format Version 12.00
# Visual Studio 14
VisualStudioVersion = 14.0.23107.0
MinimumVisualStudioVersion = 10.0.40219.1
Project("{FAE04EC0-301F-11D3-BF4B-00C04F79EFBC}") = "H03D06V01-Deserialization", "H03D06V01-Deserialization\H03D06V01-Deserialization.csproj", "{D200D222-2D86-4B4E-906A-B03BA0EF4480}"
EndProject
Global
	GlobalSection(SolutionConfigurationPlatforms) = preSolution
		Debug|Any CPU = Debug|Any CPU
		Release|Any CPU = Release|Any CPU
	EndGlobalSection
	GlobalSection(ProjectConfigurationPlatforms) = postSolution
		{D200D222-2D86-4B4E-906A-B03BA0EF4480}.Debug|Any CPU.ActiveCfg = Debug|Any CPU
		{D200D222-2D86-4B4E-906A-B03BA0EF4480}.Debug|Any CPU.Build.0 = Debug|Any CPU
		{D200D222-2D86-4B4E-906A-B03BA0EF4480}.Release|Any CPU.ActiveCfg = Release|Any CPU
		{D200D222-2D86-4B4E-906A-B03BA0EF4480}.Release|Any CPU.Build.0 = Release|Any CPU
	EndGlobalSection
	GlobalSection(SolutionProperties) = preSolution
		HideSolutionNode = FALSE
	EndGlobalSection
EndGlobal
