
Microsoft Visual Studio Solution File, Format Version 12.00
# Visual Studio 14
VisualStudioVersion = 14.0.23107.0
MinimumVisualStudioVersion = 10.0.40219.1
Project("{FAE04EC0-301F-11D3-BF4B-00C04F79EFBC}") = "H03D05V05-genericList", "H03D05V05-genericList\H03D05V05-genericList.csproj", "{BBB334A5-6DE2-4B55-AFE9-8EDD2E8886F0}"
EndProject
Global
	GlobalSection(SolutionConfigurationPlatforms) = preSolution
		Debug|Any CPU = Debug|Any CPU
		Release|Any CPU = Release|Any CPU
	EndGlobalSection
	GlobalSection(ProjectConfigurationPlatforms) = postSolution
		{BBB334A5-6DE2-4B55-AFE9-8EDD2E8886F0}.Debug|Any CPU.ActiveCfg = Debug|Any CPU
		{BBB334A5-6DE2-4B55-AFE9-8EDD2E8886F0}.Debug|Any CPU.Build.0 = Debug|Any CPU
		{BBB334A5-6DE2-4B55-AFE9-8EDD2E8886F0}.Release|Any CPU.ActiveCfg = Release|Any CPU
		{BBB334A5-6DE2-4B55-AFE9-8EDD2E8886F0}.Release|Any CPU.Build.0 = Release|Any CPU
	EndGlobalSection
	GlobalSection(SolutionProperties) = preSolution
		HideSolutionNode = FALSE
	EndGlobalSection
EndGlobal
