
Microsoft Visual Studio Solution File, Format Version 12.00
# Visual Studio 14
VisualStudioVersion = 14.0.23107.0
MinimumVisualStudioVersion = 10.0.40219.1
Project("{FAE04EC0-301F-11D3-BF4B-00C04F79EFBC}") = "H03D09V01-CarRegistry", "H03D09V01-CarRegistry\H03D09V01-CarRegistry.csproj", "{778199A1-6282-4A31-B86D-5476BCE50CD3}"
EndProject
Global
	GlobalSection(SolutionConfigurationPlatforms) = preSolution
		Debug|Any CPU = Debug|Any CPU
		Release|Any CPU = Release|Any CPU
	EndGlobalSection
	GlobalSection(ProjectConfigurationPlatforms) = postSolution
		{778199A1-6282-4A31-B86D-5476BCE50CD3}.Debug|Any CPU.ActiveCfg = Debug|Any CPU
		{778199A1-6282-4A31-B86D-5476BCE50CD3}.Debug|Any CPU.Build.0 = Debug|Any CPU
		{778199A1-6282-4A31-B86D-5476BCE50CD3}.Release|Any CPU.ActiveCfg = Release|Any CPU
		{778199A1-6282-4A31-B86D-5476BCE50CD3}.Release|Any CPU.Build.0 = Release|Any CPU
	EndGlobalSection
	GlobalSection(SolutionProperties) = preSolution
		HideSolutionNode = FALSE
	EndGlobalSection
EndGlobal
