
Microsoft Visual Studio Solution File, Format Version 12.00
# Visual Studio 14
VisualStudioVersion = 14.0.23107.0
MinimumVisualStudioVersion = 10.0.40219.1
Project("{FAE04EC0-301F-11D3-BF4B-00C04F79EFBC}") = "H03D04V01-WriteToFile", "H03D04V01-WriteToFile\H03D04V01-WriteToFile.csproj", "{AC57DA8A-F76E-443F-ABD0-E65A8818E6EA}"
EndProject
Global
	GlobalSection(SolutionConfigurationPlatforms) = preSolution
		Debug|Any CPU = Debug|Any CPU
		Release|Any CPU = Release|Any CPU
	EndGlobalSection
	GlobalSection(ProjectConfigurationPlatforms) = postSolution
		{AC57DA8A-F76E-443F-ABD0-E65A8818E6EA}.Debug|Any CPU.ActiveCfg = Debug|Any CPU
		{AC57DA8A-F76E-443F-ABD0-E65A8818E6EA}.Debug|Any CPU.Build.0 = Debug|Any CPU
		{AC57DA8A-F76E-443F-ABD0-E65A8818E6EA}.Release|Any CPU.ActiveCfg = Release|Any CPU
		{AC57DA8A-F76E-443F-ABD0-E65A8818E6EA}.Release|Any CPU.Build.0 = Release|Any CPU
	EndGlobalSection
	GlobalSection(SolutionProperties) = preSolution
		HideSolutionNode = FALSE
	EndGlobalSection
EndGlobal
